
Microsoft Visual Studio Solution File, Format Version 12.00
# Visual Studio Version 17
VisualStudioVersion = 17.7.34031.279
MinimumVisualStudioVersion = 10.0.40219.1
Project("{FAE04EC0-301F-11D3-BF4B-00C04F79EFBC}") = "TestRabbitMqApp.Consumer", "TestRabbitMqApp.Consumer\TestRabbitMqApp.Consumer.csproj", "{051B7854-F70A-4D3B-880E-9C024A7DA70C}"
EndProject
Global
	GlobalSection(SolutionConfigurationPlatforms) = preSolution
		Debug|Any CPU = Debug|Any CPU
		Release|Any CPU = Release|Any CPU
	EndGlobalSection
	GlobalSection(ProjectConfigurationPlatforms) = postSolution
		{051B7854-F70A-4D3B-880E-9C024A7DA70C}.Debug|Any CPU.ActiveCfg = Debug|Any CPU
		{051B7854-F70A-4D3B-880E-9C024A7DA70C}.Debug|Any CPU.Build.0 = Debug|Any CPU
		{051B7854-F70A-4D3B-880E-9C024A7DA70C}.Release|Any CPU.ActiveCfg = Release|Any CPU
		{051B7854-F70A-4D3B-880E-9C024A7DA70C}.Release|Any CPU.Build.0 = Release|Any CPU
	EndGlobalSection
	GlobalSection(SolutionProperties) = preSolution
		HideSolutionNode = FALSE
	EndGlobalSection
	GlobalSection(ExtensibilityGlobals) = postSolution
		SolutionGuid = {711AE054-FD62-439A-A5CF-F6ED8CC9D5EB}
	EndGlobalSection
EndGlobal
